// !$*UTF8*$!
{
	archiveVersion = 1;
	classes = {
	};
	objectVersion = 56;
	objects = {

/* Begin PBXBuildFile section */
		D32D07212B680DEC00EF2617 /* landmarkData.json in Resources */ = {isa = PBXBuildFile; fileRef = D32D07202B680DEB00EF2617 /* landmarkData.json */; };
		D32D07232B680E0A00EF2617 /* Landmark.swift in Sources */ = {isa = PBXBuildFile; fileRef = D32D07222B680E0A00EF2617 /* Landmark.swift */; };
		D32D07252B680F5600EF2617 /* ModelData.swift in Sources */ = {isa = PBXBuildFile; fileRef = D32D07242B680F5600EF2617 /* ModelData.swift */; };
		D32D072C2B68115B00EF2617 /* LandmarkRow.swift in Sources */ = {isa = PBXBuildFile; fileRef = D32D072B2B68115B00EF2617 /* LandmarkRow.swift */; };
		D32D072E2B68142B00EF2617 /* LandmarkList.swift in Sources */ = {isa = PBXBuildFile; fileRef = D32D072D2B68142B00EF2617 /* LandmarkList.swift */; };
		D34F7A172B56E1220002A7E6 /* CircleImage.swift in Sources */ = {isa = PBXBuildFile; fileRef = D34F7A162B56E1220002A7E6 /* CircleImage.swift */; };
		D34F7A192B56E2BE0002A7E6 /* MapView.swift in Sources */ = {isa = PBXBuildFile; fileRef = D34F7A182B56E2BE0002A7E6 /* MapView.swift */; };
		D376A5E82B71741700C798F3 /* LandmarkDetail.swift in Sources */ = {isa = PBXBuildFile; fileRef = D376A5E72B71741700C798F3 /* LandmarkDetail.swift */; };
		D37A2A272B55B6BD00B308F4 /* LandmarksApp.swift in Sources */ = {isa = PBXBuildFile; fileRef = D37A2A262B55B6BD00B308F4 /* LandmarksApp.swift */; };
		D37A2A292B55B6BD00B308F4 /* ContentView.swift in Sources */ = {isa = PBXBuildFile; fileRef = D37A2A282B55B6BD00B308F4 /* ContentView.swift */; };
		D37A2A2B2B55B6BE00B308F4 /* Assets.xcassets in Resources */ = {isa = PBXBuildFile; fileRef = D37A2A2A2B55B6BE00B308F4 /* Assets.xcassets */; };
		D37A2A2E2B55B6BE00B308F4 /* Preview Assets.xcassets in Resources */ = {isa = PBXBuildFile; fileRef = D37A2A2D2B55B6BE00B308F4 /* Preview Assets.xcassets */; };
/* End PBXBuildFile section */

/* Begin PBXFileReference section */
		D32D07202B680DEB00EF2617 /* landmarkData.json */ = {isa = PBXFileReference; fileEncoding = 4; lastKnownFileType = text.json; path = landmarkData.json; sourceTree = "<group>"; };
		D32D07222B680E0A00EF2617 /* Landmark.swift */ = {isa = PBXFileReference; lastKnownFileType = sourcecode.swift; path = Landmark.swift; sourceTree = "<group>"; };
		D32D07242B680F5600EF2617 /* ModelData.swift */ = {isa = PBXFileReference; lastKnownFileType = sourcecode.swift; path = ModelData.swift; sourceTree = "<group>"; };
		D32D072B2B68115B00EF2617 /* LandmarkRow.swift */ = {isa = PBXFileReference; lastKnownFileType = sourcecode.swift; path = LandmarkRow.swift; sourceTree = "<group>"; };
		D32D072D2B68142B00EF2617 /* LandmarkList.swift */ = {isa = PBXFileReference; lastKnownFileType = sourcecode.swift; path = LandmarkList.swift; sourceTree = "<group>"; };
		D34F7A162B56E1220002A7E6 /* CircleImage.swift */ = {isa = PBXFileReference; lastKnownFileType = sourcecode.swift; path = CircleImage.swift; sourceTree = "<group>"; };
		D34F7A182B56E2BE0002A7E6 /* MapView.swift */ = {isa = PBXFileReference; lastKnownFileType = sourcecode.swift; path = MapView.swift; sourceTree = "<group>"; };
		D376A5E72B71741700C798F3 /* LandmarkDetail.swift */ = {isa = PBXFileReference; lastKnownFileType = sourcecode.swift; path = LandmarkDetail.swift; sourceTree = "<group>"; };
		D37A2A232B55B6BD00B308F4 /* Landmarks.app */ = {isa = PBXFileReference; explicitFileType = wrapper.application; includeInIndex = 0; path = Landmarks.app; sourceTree = BUILT_PRODUCTS_DIR; };
		D37A2A262B55B6BD00B308F4 /* LandmarksApp.swift */ = {isa = PBXFileReference; lastKnownFileType = sourcecode.swift; path = LandmarksApp.swift; sourceTree = "<group>"; };
		D37A2A282B55B6BD00B308F4 /* ContentView.swift */ = {isa = PBXFileReference; lastKnownFileType = sourcecode.swift; path = ContentView.swift; sourceTree = "<group>"; };
		D37A2A2A2B55B6BE00B308F4 /* Assets.xcassets */ = {isa = PBXFileReference; lastKnownFileType = folder.assetcatalog; path = Assets.xcassets; sourceTree = "<group>"; };
		D37A2A2D2B55B6BE00B308F4 /* Preview Assets.xcassets */ = {isa = PBXFileReference; lastKnownFileType = folder.assetcatalog; path = "Preview Assets.xcassets"; sourceTree = "<group>"; };
/* End PBXFileReference section */

/* Begin PBXFrameworksBuildPhase section */
		D37A2A202B55B6BD00B308F4 /* Frameworks */ = {
			isa = PBXFrameworksBuildPhase;
			buildActionMask = 2147483647;
			files = (
			);
			runOnlyForDeploymentPostprocessing = 0;
		};
/* End PBXFrameworksBuildPhase section */

/* Begin PBXGroup section */
		D32D07262B68106400EF2617 /* Views */ = {
			isa = PBXGroup;
			children = (
				D37A2A282B55B6BD00B308F4 /* ContentView.swift */,
				D34F7A182B56E2BE0002A7E6 /* MapView.swift */,
				D34F7A162B56E1220002A7E6 /* CircleImage.swift */,
				D32D072B2B68115B00EF2617 /* LandmarkRow.swift */,
				D32D072D2B68142B00EF2617 /* LandmarkList.swift */,
				D376A5E72B71741700C798F3 /* LandmarkDetail.swift */,
			);
			path = Views;
			sourceTree = "<group>";
		};
		D32D07272B68107C00EF2617 /* Resources */ = {
			isa = PBXGroup;
			children = (
				D32D07202B680DEB00EF2617 /* landmarkData.json */,
			);
			path = Resources;
			sourceTree = "<group>";
		};
		D32D07282B68108D00EF2617 /* Models */ = {
			isa = PBXGroup;
			children = (
				D32D07222B680E0A00EF2617 /* Landmark.swift */,
				D32D07242B680F5600EF2617 /* ModelData.swift */,
			);
			path = Models;
			sourceTree = "<group>";
		};
		D37A2A1A2B55B6BC00B308F4 = {
			isa = PBXGroup;
			children = (
				D37A2A252B55B6BD00B308F4 /* Landmarks */,
				D37A2A242B55B6BD00B308F4 /* Products */,
			);
			sourceTree = "<group>";
		};
		D37A2A242B55B6BD00B308F4 /* Products */ = {
			isa = PBXGroup;
			children = (
				D37A2A232B55B6BD00B308F4 /* Landmarks.app */,
			);
			name = Products;
			sourceTree = "<group>";
		};
		D37A2A252B55B6BD00B308F4 /* Landmarks */ = {
			isa = PBXGroup;
			children = (
				D32D07282B68108D00EF2617 /* Models */,
				D37A2A262B55B6BD00B308F4 /* LandmarksApp.swift */,
				D32D07262B68106400EF2617 /* Views */,
				D37A2A2A2B55B6BE00B308F4 /* Assets.xcassets */,
				D32D07272B68107C00EF2617 /* Resources */,
				D37A2A2C2B55B6BE00B308F4 /* Preview Content */,
			);
			path = Landmarks;
			sourceTree = "<group>";
		};
		D37A2A2C2B55B6BE00B308F4 /* Preview Content */ = {
			isa = PBXGroup;
			children = (
				D37A2A2D2B55B6BE00B308F4 /* Preview Assets.xcassets */,
			);
			path = "Preview Content";
			sourceTree = "<group>";
		};
/* End PBXGroup section */

/* Begin PBXNativeTarget section */
		D37A2A222B55B6BD00B308F4 /* Landmarks */ = {
			isa = PBXNativeTarget;
			buildConfigurationList = D37A2A312B55B6BE00B308F4 /* Build configuration list for PBXNativeTarget "Landmarks" */;
			buildPhases = (
				D37A2A1F2B55B6BD00B308F4 /* Sources */,
				D37A2A202B55B6BD00B308F4 /* Frameworks */,
				D37A2A212B55B6BD00B308F4 /* Resources */,
			);
			buildRules = (
			);
			dependencies = (
			);
			name = Landmarks;
			productName = Landmarks;
			productReference = D37A2A232B55B6BD00B308F4 /* Landmarks.app */;
			productType = "com.apple.product-type.application";
		};
/* End PBXNativeTarget section */

/* Begin PBXProject section */
		D37A2A1B2B55B6BC00B308F4 /* Project object */ = {
			isa = PBXProject;
			attributes = {
				BuildIndependentTargetsInParallel = 1;
				LastSwiftUpdateCheck = 1520;
				LastUpgradeCheck = 1520;
				TargetAttributes = {
					D37A2A222B55B6BD00B308F4 = {
						CreatedOnToolsVersion = 15.2;
					};
				};
			};
			buildConfigurationList = D37A2A1E2B55B6BC00B308F4 /* Build configuration list for PBXProject "Landmarks" */;
			compatibilityVersion = "Xcode 14.0";
			developmentRegion = en;
			hasScannedForEncodings = 0;
			knownRegions = (
				en,
				Base,
			);
			mainGroup = D37A2A1A2B55B6BC00B308F4;
			productRefGroup = D37A2A242B55B6BD00B308F4 /* Products */;
			projectDirPath = "";
			projectRoot = "";
			targets = (
				D37A2A222B55B6BD00B308F4 /* Landmarks */,
			);
		};
/* End PBXProject section */

/* Begin PBXResourcesBuildPhase section */
		D37A2A212B55B6BD00B308F4 /* Resources */ = {
			isa = PBXResourcesBuildPhase;
			buildActionMask = 2147483647;
			files = (
				D37A2A2E2B55B6BE00B308F4 /* Preview Assets.xcassets in Resources */,
				D37A2A2B2B55B6BE00B308F4 /* Assets.xcassets in Resources */,
				D32D07212B680DEC00EF2617 /* landmarkData.json in Resources */,
			);
			runOnlyForDeploymentPostprocessing = 0;
		};
/* End PBXResourcesBuildPhase section */

/* Begin PBXSourcesBuildPhase section */
		D37A2A1F2B55B6BD00B308F4 /* Sources */ = {
			isa = PBXSourcesBuildPhase;
			buildActionMask = 2147483647;
			files = (
				D37A2A292B55B6BD00B308F4 /* ContentView.swift in Sources */,
				D34F7A192B56E2BE0002A7E6 /* MapView.swift in Sources */,
				D37A2A272B55B6BD00B308F4 /* LandmarksApp.swift in Sources */,
				D32D072E2B68142B00EF2617 /* LandmarkList.swift in Sources */,
				D376A5E82B71741700C798F3 /* LandmarkDetail.swift in Sources */,
				D34F7A172B56E1220002A7E6 /* CircleImage.swift in Sources */,
				D32D07232B680E0A00EF2617 /* Landmark.swift in Sources */,
				D32D072C2B68115B00EF2617 /* LandmarkRow.swift in Sources */,
				D32D07252B680F5600EF2617 /* ModelData.swift in Sources */,
			);
			runOnlyForDeploymentPostprocessing = 0;
		};
/* End PBXSourcesBuildPhase section */

/* Begin XCBuildConfiguration section */
		D37A2A2F2B55B6BE00B308F4 /* Debug */ = {
			isa = XCBuildConfiguration;
			buildSettings = {
				ALWAYS_SEARCH_USER_PATHS = NO;
				ASSETCATALOG_COMPILER_GENERATE_SWIFT_ASSET_SYMBOL_EXTENSIONS = YES;
				CLANG_ANALYZER_NONNULL = YES;
				CLANG_ANALYZER_NUMBER_OBJECT_CONVERSION = YES_AGGRESSIVE;
				CLANG_CXX_LANGUAGE_STANDARD = "gnu++20";
				CLANG_ENABLE_MODULES = YES;
				CLANG_ENABLE_OBJC_ARC = YES;
				CLANG_ENABLE_OBJC_WEAK = YES;
				CLANG_WARN_BLOCK_CAPTURE_AUTORELEASING = YES;
				CLANG_WARN_BOOL_CONVERSION = YES;
				CLANG_WARN_COMMA = YES;
				CLANG_WARN_CONSTANT_CONVERSION = YES;
				CLANG_WARN_DEPRECATED_OBJC_IMPLEMENTATIONS = YES;
				CLANG_WARN_DIRECT_OBJC_ISA_USAGE = YES_ERROR;
				CLANG_WARN_DOCUMENTATION_COMMENTS = YES;
				CLANG_WARN_EMPTY_BODY = YES;
				CLANG_WARN_ENUM_CONVERSION = YES;
				CLANG_WARN_INFINITE_RECURSION = YES;
				CLANG_WARN_INT_CONVERSION = YES;
				CLANG_WARN_NON_LITERAL_NULL_CONVERSION = YES;
				CLANG_WARN_OBJC_IMPLICIT_RETAIN_SELF = YES;
				CLANG_WARN_OBJC_LITERAL_CONVERSION = YES;
				CLANG_WARN_OBJC_ROOT_CLASS = YES_ERROR;
				CLANG_WARN_QUOTED_INCLUDE_IN_FRAMEWORK_HEADER = YES;
				CLANG_WARN_RANGE_LOOP_ANALYSIS = YES;
				CLANG_WARN_STRICT_PROTOTYPES = YES;
				CLANG_WARN_SUSPICIOUS_MOVE = YES;
				CLANG_WARN_UNGUARDED_AVAILABILITY = YES_AGGRESSIVE;
				CLANG_WARN_UNREACHABLE_CODE = YES;
				CLANG_WARN__DUPLICATE_METHOD_MATCH = YES;
				COPY_PHASE_STRIP = NO;
				DEBUG_INFORMATION_FORMAT = dwarf;
				ENABLE_STRICT_OBJC_MSGSEND = YES;
				ENABLE_TESTABILITY = YES;
				ENABLE_USER_SCRIPT_SANDBOXING = YES;
				GCC_C_LANGUAGE_STANDARD = gnu17;
				GCC_DYNAMIC_NO_PIC = NO;
				GCC_NO_COMMON_BLOCKS = YES;
				GCC_OPTIMIZATION_LEVEL = 0;
				GCC_PREPROCESSOR_DEFINITIONS = (
					"DEBUG=1",
					"$(inherited)",
				);
				GCC_WARN_64_TO_32_BIT_CONVERSION = YES;
				GCC_WARN_ABOUT_RETURN_TYPE = YES_ERROR;
				GCC_WARN_UNDECLARED_SELECTOR = YES;
				GCC_WARN_UNINITIALIZED_AUTOS = YES_AGGRESSIVE;
				GCC_WARN_UNUSED_FUNCTION = YES;
				GCC_WARN_UNUSED_VARIABLE = YES;
				IPHONEOS_DEPLOYMENT_TARGET = 17.2;
				LOCALIZATION_PREFERS_STRING_CATALOGS = YES;
				MTL_ENABLE_DEBUG_INFO = INCLUDE_SOURCE;
				MTL_FAST_MATH = YES;
				ONLY_ACTIVE_ARCH = YES;
				SDKROOT = iphoneos;
				SWIFT_ACTIVE_COMPILATION_CONDITIONS = "DEBUG $(inherited)";
				SWIFT_OPTIMIZATION_LEVEL = "-Onone";
			};
			name = Debug;
		};
		D37A2A302B55B6BE00B308F4 /* Release */ = {
			isa = XCBuildConfiguration;
			buildSettings = {
				ALWAYS_SEARCH_USER_PATHS = NO;
				ASSETCATALOG_COMPILER_GENERATE_SWIFT_ASSET_SYMBOL_EXTENSIONS = YES;
				CLANG_ANALYZER_NONNULL = YES;
				CLANG_ANALYZER_NUMBER_OBJECT_CONVERSION = YES_AGGRESSIVE;
				CLANG_CXX_LANGUAGE_STANDARD = "gnu++20";
				CLANG_ENABLE_MODULES = YES;
				CLANG_ENABLE_OBJC_ARC = YES;
				CLANG_ENABLE_OBJC_WEAK = YES;
				CLANG_WARN_BLOCK_CAPTURE_AUTORELEASING = YES;
				CLANG_WARN_BOOL_CONVERSION = YES;
				CLANG_WARN_COMMA = YES;
				CLANG_WARN_CONSTANT_CONVERSION = YES;
				CLANG_WARN_DEPRECATED_OBJC_IMPLEMENTATIONS = YES;
				CLANG_WARN_DIRECT_OBJC_ISA_USAGE = YES_ERROR;
				CLANG_WARN_DOCUMENTATION_COMMENTS = YES;
				CLANG_WARN_EMPTY_BODY = YES;
				CLANG_WARN_ENUM_CONVERSION = YES;
				CLANG_WARN_INFINITE_RECURSION = YES;
				CLANG_WARN_INT_CONVERSION = YES;
				CLANG_WARN_NON_LITERAL_NULL_CONVERSION = YES;
				CLANG_WARN_OBJC_IMPLICIT_RETAIN_SELF = YES;
				CLANG_WARN_OBJC_LITERAL_CONVERSION = YES;
				CLANG_WARN_OBJC_ROOT_CLASS = YES_ERROR;
				CLANG_WARN_QUOTED_INCLUDE_IN_FRAMEWORK_HEADER = YES;
				CLANG_WARN_RANGE_LOOP_ANALYSIS = YES;
				CLANG_WARN_STRICT_PROTOTYPES = YES;
				CLANG_WARN_SUSPICIOUS_MOVE = YES;
				CLANG_WARN_UNGUARDED_AVAILABILITY = YES_AGGRESSIVE;
				CLANG_WARN_UNREACHABLE_CODE = YES;
				CLANG_WARN__DUPLICATE_METHOD_MATCH = YES;
				COPY_PHASE_STRIP = NO;
				DEBUG_INFORMATION_FORMAT = "dwarf-with-dsym";
				ENABLE_NS_ASSERTIONS = NO;
				ENABLE_STRICT_OBJC_MSGSEND = YES;
				ENABLE_USER_SCRIPT_SANDBOXING = YES;
				GCC_C_LANGUAGE_STANDARD = gnu17;
				GCC_NO_COMMON_BLOCKS = YES;
				GCC_WARN_64_TO_32_BIT_CONVERSION = YES;
				GCC_WARN_ABOUT_RETURN_TYPE = YES_ERROR;
				GCC_WARN_UNDECLARED_SELECTOR = YES;
				GCC_WARN_UNINITIALIZED_AUTOS = YES_AGGRESSIVE;
				GCC_WARN_UNUSED_FUNCTION = YES;
				GCC_WARN_UNUSED_VARIABLE = YES;
				IPHONEOS_DEPLOYMENT_TARGET = 17.2;
				LOCALIZATION_PREFERS_STRING_CATALOGS = YES;
				MTL_ENABLE_DEBUG_INFO = NO;
				MTL_FAST_MATH = YES;
				SDKROOT = iphoneos;
				SWIFT_COMPILATION_MODE = wholemodule;
				VALIDATE_PRODUCT = YES;
			};
			name = Release;
		};
		D37A2A322B55B6BE00B308F4 /* Debug */ = {
			isa = XCBuildConfiguration;
			buildSettings = {
				ASSETCATALOG_COMPILER_APPICON_NAME = AppIcon;
				ASSETCATALOG_COMPILER_GLOBAL_ACCENT_COLOR_NAME = AccentColor;
				CODE_SIGN_STYLE = Automatic;
				CURRENT_PROJECT_VERSION = 1;
				DEVELOPMENT_ASSET_PATHS = "\"Landmarks/Preview Content\"";
				DEVELOPMENT_TEAM = CUHT28UFXV;
				ENABLE_PREVIEWS = YES;
				GENERATE_INFOPLIST_FILE = YES;
				INFOPLIST_KEY_UIApplicationSceneManifest_Generation = YES;
				INFOPLIST_KEY_UIApplicationSupportsIndirectInputEvents = YES;
				INFOPLIST_KEY_UILaunchScreen_Generation = YES;
				INFOPLIST_KEY_UISupportedInterfaceOrientations_iPad = "UIInterfaceOrientationPortrait UIInterfaceOrientationPortraitUpsideDown UIInterfaceOrientationLandscapeLeft UIInterfaceOrientationLandscapeRight";
				INFOPLIST_KEY_UISupportedInterfaceOrientations_iPhone = "UIInterfaceOrientationPortrait UIInterfaceOrientationLandscapeLeft UIInterfaceOrientationLandscapeRight";
				LD_RUNPATH_SEARCH_PATHS = (
					"$(inherited)",
					"@executable_path/Frameworks",
				);
				MARKETING_VERSION = 1.0;
				PRODUCT_BUNDLE_IDENTIFIER = com.alexsyn02.Landmarks;
				PRODUCT_NAME = "$(TARGET_NAME)";
				SWIFT_EMIT_LOC_STRINGS = YES;
				SWIFT_VERSION = 5.0;
				TARGETED_DEVICE_FAMILY = "1,2";
			};
			name = Debug;
		};
		D37A2A332B55B6BE00B308F4 /* Release */ = {
			isa = XCBuildConfiguration;
			buildSettings = {
				ASSETCATALOG_COMPILER_APPICON_NAME = AppIcon;
				ASSETCATALOG_COMPILER_GLOBAL_ACCENT_COLOR_NAME = AccentColor;
				CODE_SIGN_STYLE = Automatic;
				CURRENT_PROJECT_VERSION = 1;
				DEVELOPMENT_ASSET_PATHS = "\"Landmarks/Preview Content\"";
				DEVELOPMENT_TEAM = CUHT28UFXV;
				ENABLE_PREVIEWS = YES;
				GENERATE_INFOPLIST_FILE = YES;
				INFOPLIST_KEY_UIApplicationSceneManifest_Generation = YES;
				INFOPLIST_KEY_UIApplicationSupportsIndirectInputEvents = YES;
				INFOPLIST_KEY_UILaunchScreen_Generation = YES;
				INFOPLIST_KEY_UISupportedInterfaceOrientations_iPad = "UIInterfaceOrientationPortrait UIInterfaceOrientationPortraitUpsideDown UIInterfaceOrientationLandscapeLeft UIInterfaceOrientationLandscapeRight";
				INFOPLIST_KEY_UISupportedInterfaceOrientations_iPhone = "UIInterfaceOrientationPortrait UIInterfaceOrientationLandscapeLeft UIInterfaceOrientationLandscapeRight";
				LD_RUNPATH_SEARCH_PATHS = (
					"$(inherited)",
					"@executable_path/Frameworks",
				);
				MARKETING_VERSION = 1.0;
				PRODUCT_BUNDLE_IDENTIFIER = com.alexsyn02.Landmarks;
				PRODUCT_NAME = "$(TARGET_NAME)";
				SWIFT_EMIT_LOC_STRINGS = YES;
				SWIFT_VERSION = 5.0;
				TARGETED_DEVICE_FAMILY = "1,2";
			};
			name = Release;
		};
/* End XCBuildConfiguration section */

/* Begin XCConfigurationList section */
		D37A2A1E2B55B6BC00B308F4 /* Build configuration list for PBXProject "Landmarks" */ = {
			isa = XCConfigurationList;
			buildConfigurations = (
				D37A2A2F2B55B6BE00B308F4 /* Debug */,
				D37A2A302B55B6BE00B308F4 /* Release */,
			);
			defaultConfigurationIsVisible = 0;
			defaultConfigurationName = Release;
		};
		D37A2A312B55B6BE00B308F4 /* Build configuration list for PBXNativeTarget "Landmarks" */ = {
			isa = XCConfigurationList;
			buildConfigurations = (
				D37A2A322B55B6BE00B308F4 /* Debug */,
				D37A2A332B55B6BE00B308F4 /* Release */,
			);
			defaultConfigurationIsVisible = 0;
			defaultConfigurationName = Release;
		};
/* End XCConfigurationList section */
	};
	rootObject = D37A2A1B2B55B6BC00B308F4 /* Project object */;
}
